
Microsoft Visual Studio Solution File, Format Version 12.00
# Visual Studio 15
VisualStudioVersion = 15.0.26730.16
MinimumVisualStudioVersion = 10.0.40219.1
Project("{2150E333-8FDC-42A3-9474-1A3956D46DE8}") = "Calculator", "Calculator", "{57C220E1-3B7E-4ED2-BBA6-EDDA60DC6B44}"
EndProject
Project("{FAE04EC0-301F-11D3-BF4B-00C04F79EFBC}") = "Calculator", "Calculator\Calculator.csproj", "{DF8A61F9-5F87-4BAF-B3C5-04E13F8D0145}"
EndProject
Project("{FAE04EC0-301F-11D3-BF4B-00C04F79EFBC}") = "Calculator.Tests", "Calculator.Tests\Calculator.Tests.csproj", "{9976CA8E-0515-4A6E-B0B4-055B62F17306}"
EndProject
Project("{FAE04EC0-301F-11D3-BF4B-00C04F79EFBC}") = "Calculator.NUnitTests", "Calculator.NUnitTests\Calculator.NUnitTests.csproj", "{56EDBF72-FF37-47E8-B836-88A7F0EFC295}"
EndProject
Project("{FAE04EC0-301F-11D3-BF4B-00C04F79EFBC}") = "Calculator.XUnitTests", "Calculator.XUnitTests\Calculator.XUnitTests.csproj", "{29DCE217-87DA-4A3D-8579-EA35D2189D6E}"
EndProject
Project("{2150E333-8FDC-42A3-9474-1A3956D46DE8}") = "TDDBank", "TDDBank", "{AC314A7D-559D-482E-A265-BCCC3F578F7D}"
EndProject
Project("{FAE04EC0-301F-11D3-BF4B-00C04F79EFBC}") = "Bank", "Bank\Bank.csproj", "{96B804A2-BD4B-4501-BA0A-5958DB8CB152}"
EndProject
Project("{FAE04EC0-301F-11D3-BF4B-00C04F79EFBC}") = "Bank.Tests", "Bank.Tests\Bank.Tests.csproj", "{4D3444DB-3F2E-4BC6-B570-AFBA06F051C2}"
EndProject
Project("{FAE04EC0-301F-11D3-BF4B-00C04F79EFBC}") = "DecoratorAndDI", "DecoratorAndDI\DecoratorAndDI.csproj", "{2CD1E73C-DE43-425D-9179-2D07BFED6DF5}"
EndProject
Global
	GlobalSection(SolutionConfigurationPlatforms) = preSolution
		Debug|Any CPU = Debug|Any CPU
		Release|Any CPU = Release|Any CPU
	EndGlobalSection
	GlobalSection(ProjectConfigurationPlatforms) = postSolution
		{DF8A61F9-5F87-4BAF-B3C5-04E13F8D0145}.Debug|Any CPU.ActiveCfg = Debug|Any CPU
		{DF8A61F9-5F87-4BAF-B3C5-04E13F8D0145}.Debug|Any CPU.Build.0 = Debug|Any CPU
		{DF8A61F9-5F87-4BAF-B3C5-04E13F8D0145}.Release|Any CPU.ActiveCfg = Release|Any CPU
		{DF8A61F9-5F87-4BAF-B3C5-04E13F8D0145}.Release|Any CPU.Build.0 = Release|Any CPU
		{9976CA8E-0515-4A6E-B0B4-055B62F17306}.Debug|Any CPU.ActiveCfg = Debug|Any CPU
		{9976CA8E-0515-4A6E-B0B4-055B62F17306}.Debug|Any CPU.Build.0 = Debug|Any CPU
		{9976CA8E-0515-4A6E-B0B4-055B62F17306}.Release|Any CPU.ActiveCfg = Release|Any CPU
		{9976CA8E-0515-4A6E-B0B4-055B62F17306}.Release|Any CPU.Build.0 = Release|Any CPU
		{56EDBF72-FF37-47E8-B836-88A7F0EFC295}.Debug|Any CPU.ActiveCfg = Debug|Any CPU
		{56EDBF72-FF37-47E8-B836-88A7F0EFC295}.Debug|Any CPU.Build.0 = Debug|Any CPU
		{56EDBF72-FF37-47E8-B836-88A7F0EFC295}.Release|Any CPU.ActiveCfg = Release|Any CPU
		{56EDBF72-FF37-47E8-B836-88A7F0EFC295}.Release|Any CPU.Build.0 = Release|Any CPU
		{29DCE217-87DA-4A3D-8579-EA35D2189D6E}.Debug|Any CPU.ActiveCfg = Debug|Any CPU
		{29DCE217-87DA-4A3D-8579-EA35D2189D6E}.Debug|Any CPU.Build.0 = Debug|Any CPU
		{29DCE217-87DA-4A3D-8579-EA35D2189D6E}.Release|Any CPU.ActiveCfg = Release|Any CPU
		{29DCE217-87DA-4A3D-8579-EA35D2189D6E}.Release|Any CPU.Build.0 = Release|Any CPU
		{96B804A2-BD4B-4501-BA0A-5958DB8CB152}.Debug|Any CPU.ActiveCfg = Debug|Any CPU
		{96B804A2-BD4B-4501-BA0A-5958DB8CB152}.Debug|Any CPU.Build.0 = Debug|Any CPU
		{96B804A2-BD4B-4501-BA0A-5958DB8CB152}.Release|Any CPU.ActiveCfg = Release|Any CPU
		{96B804A2-BD4B-4501-BA0A-5958DB8CB152}.Release|Any CPU.Build.0 = Release|Any CPU
		{4D3444DB-3F2E-4BC6-B570-AFBA06F051C2}.Debug|Any CPU.ActiveCfg = Debug|Any CPU
		{4D3444DB-3F2E-4BC6-B570-AFBA06F051C2}.Debug|Any CPU.Build.0 = Debug|Any CPU
		{4D3444DB-3F2E-4BC6-B570-AFBA06F051C2}.Release|Any CPU.ActiveCfg = Release|Any CPU
		{4D3444DB-3F2E-4BC6-B570-AFBA06F051C2}.Release|Any CPU.Build.0 = Release|Any CPU
		{2CD1E73C-DE43-425D-9179-2D07BFED6DF5}.Debug|Any CPU.ActiveCfg = Debug|Any CPU
		{2CD1E73C-DE43-425D-9179-2D07BFED6DF5}.Debug|Any CPU.Build.0 = Debug|Any CPU
		{2CD1E73C-DE43-425D-9179-2D07BFED6DF5}.Release|Any CPU.ActiveCfg = Release|Any CPU
		{2CD1E73C-DE43-425D-9179-2D07BFED6DF5}.Release|Any CPU.Build.0 = Release|Any CPU
	EndGlobalSection
	GlobalSection(SolutionProperties) = preSolution
		HideSolutionNode = FALSE
	EndGlobalSection
	GlobalSection(NestedProjects) = preSolution
		{DF8A61F9-5F87-4BAF-B3C5-04E13F8D0145} = {57C220E1-3B7E-4ED2-BBA6-EDDA60DC6B44}
		{9976CA8E-0515-4A6E-B0B4-055B62F17306} = {57C220E1-3B7E-4ED2-BBA6-EDDA60DC6B44}
		{56EDBF72-FF37-47E8-B836-88A7F0EFC295} = {57C220E1-3B7E-4ED2-BBA6-EDDA60DC6B44}
		{29DCE217-87DA-4A3D-8579-EA35D2189D6E} = {57C220E1-3B7E-4ED2-BBA6-EDDA60DC6B44}
		{96B804A2-BD4B-4501-BA0A-5958DB8CB152} = {AC314A7D-559D-482E-A265-BCCC3F578F7D}
		{4D3444DB-3F2E-4BC6-B570-AFBA06F051C2} = {AC314A7D-559D-482E-A265-BCCC3F578F7D}
	EndGlobalSection
	GlobalSection(ExtensibilityGlobals) = postSolution
		SolutionGuid = {096C0E26-A947-4098-92F9-C8ECB31AE02F}
	EndGlobalSection
EndGlobal
